
Microsoft Visual Studio Solution File, Format Version 12.00
# Visual Studio Version 17
VisualStudioVersion = 17.6.33723.286
MinimumVisualStudioVersion = 10.0.40219.1
Project("{FAE04EC0-301F-11D3-BF4B-00C04F79EFBC}") = "Ejercicio hashing 5 Tahiel Devoto", "Ejercicio hashing 5 Tahiel Devoto.csproj", "{175C3CAF-BB72-4CE5-A117-EC882BEFBE08}"
EndProject
Global
	GlobalSection(SolutionConfigurationPlatforms) = preSolution
		Debug|Any CPU = Debug|Any CPU
		Release|Any CPU = Release|Any CPU
	EndGlobalSection
	GlobalSection(ProjectConfigurationPlatforms) = postSolution
		{175C3CAF-BB72-4CE5-A117-EC882BEFBE08}.Debug|Any CPU.ActiveCfg = Debug|Any CPU
		{175C3CAF-BB72-4CE5-A117-EC882BEFBE08}.Debug|Any CPU.Build.0 = Debug|Any CPU
		{175C3CAF-BB72-4CE5-A117-EC882BEFBE08}.Release|Any CPU.ActiveCfg = Release|Any CPU
		{175C3CAF-BB72-4CE5-A117-EC882BEFBE08}.Release|Any CPU.Build.0 = Release|Any CPU
	EndGlobalSection
	GlobalSection(SolutionProperties) = preSolution
		HideSolutionNode = FALSE
	EndGlobalSection
	GlobalSection(ExtensibilityGlobals) = postSolution
		SolutionGuid = {5C5C7AE9-55C3-401C-9F18-E07481411EAA}
	EndGlobalSection
EndGlobal
